
Microsoft Visual Studio Solution File, Format Version 12.00
# Visual Studio 15
VisualStudioVersion = 15.0.27703.2026
MinimumVisualStudioVersion = 10.0.40219.1
Project("{FAE04EC0-301F-11D3-BF4B-00C04F79EFBC}") = "ConsoleApp1", "ConsoleApp1\ConsoleApp1.csproj", "{387D04CF-203A-4877-8E3F-BE3B182542FC}"
EndProject
Global
	GlobalSection(SolutionConfigurationPlatforms) = preSolution
		Debug|Any CPU = Debug|Any CPU
		Release|Any CPU = Release|Any CPU
	EndGlobalSection
	GlobalSection(ProjectConfigurationPlatforms) = postSolution
		{387D04CF-203A-4877-8E3F-BE3B182542FC}.Debug|Any CPU.ActiveCfg = Debug|Any CPU
		{387D04CF-203A-4877-8E3F-BE3B182542FC}.Debug|Any CPU.Build.0 = Debug|Any CPU
		{387D04CF-203A-4877-8E3F-BE3B182542FC}.Release|Any CPU.ActiveCfg = Release|Any CPU
		{387D04CF-203A-4877-8E3F-BE3B182542FC}.Release|Any CPU.Build.0 = Release|Any CPU
	EndGlobalSection
	GlobalSection(SolutionProperties) = preSolution
		HideSolutionNode = FALSE
	EndGlobalSection
	GlobalSection(ExtensibilityGlobals) = postSolution
		SolutionGuid = {99E8D243-151E-440E-89A1-7664B474B2C2}
	EndGlobalSection
EndGlobal
